github.com/alexellis/blinkt_go v0.0.0-20180120180744-cc0ca163e0bc h1:J/jqFQqoBMa8TD5W0FunVxE3kuWaE+ZdiSrZ5L99SVg=
github.com/alexellis/blinkt_go v0.0.0-20180120180744-cc0ca163e0bc/go.mod h1:IeFkr+RPLd7XL6LrhpHfSZerUIwVvVhFMwwrOr/FhYU=
github.com/alexellis/rpi v0.0.0-20170116141016-ab6a4e79f0bd h1:Mx9cUprDyCdGzjWwFRZmrL/G4Cs89/EB8QcZ6j+Mx1Y=
github.com/alexellis/rpi v0.0.0-20170116141016-ab6a4e79f0bd/go.mod h1:/u5IOmNVyGUK5Y/TV6Dk+4BlqWTEhmvbzvpKPSeZXZQ=
github.com/rogpeppe/rog-go v0.0.0-20241126162219-e91a9a7b5d33 h1:x65IpeYcreMYFXKtl1NXh/iLAU76sLRUI0Xo7rQsG3I=
github.com/rogpeppe/rog-go v0.0.0-20241126162219-e91a9a7b5d33/go.mod h1:e29T/pDK7s/p+ubI4/udmpw1CgzhGKgmITwMLwfxE2E=
github.com/sixdouglas/suncalc v0.0.0-20250114185126-291b1938b70c h1:Lyrtmwq1VO3vK30KXmA4S4u816l/HqyT11d75WR0UiU=
github.com/sixdouglas/suncalc v0.0.0-20250114185126-291b1938b70c/go.mod h1:IxOCrQX3pAL52wPiWuamnWxGcuyWANPyQfwcRb0iDqc=
